{
  "nodes": {
    "nixpkgs": {
      "locked": {
        "lastModified": 1720167340,
        "narHash": "sha256-DrQ8LYn4yghE5vKGJ90J9O8/FH4f9fiOIU3VYCMYDQs=",
        "owner": "NixOS",
        "repo": "nixpkgs",
        "rev": "3243676fadd634a2d8f1bf0b5000949b9c719896",
        "type": "github"
      },
      "original": {
        "owner": "NixOS",
        "repo": "nixpkgs",
        "type": "github"
      }
    },
    "root": {
      "inputs": {
        "nixpkgs": "nixpkgs"
      }
    }
  },
  "root": "root",
  "version": 7
}
